
Microsoft Visual Studio Solution File, Format Version 12.00
# Visual Studio Version 17
VisualStudioVersion = 17.8.34330.188
MinimumVisualStudioVersion = 10.0.40219.1
Project("{FAE04EC0-301F-11D3-BF4B-00C04F79EFBC}") = "Praktika", "Praktika\Praktika.csproj", "{ED68F904-CB13-456A-9906-1F211B692D45}"
EndProject
Global
	GlobalSection(SolutionConfigurationPlatforms) = preSolution
		Debug|Any CPU = Debug|Any CPU
		Release|Any CPU = Release|Any CPU
	EndGlobalSection
	GlobalSection(ProjectConfigurationPlatforms) = postSolution
		{ED68F904-CB13-456A-9906-1F211B692D45}.Debug|Any CPU.ActiveCfg = Debug|Any CPU
		{ED68F904-CB13-456A-9906-1F211B692D45}.Debug|Any CPU.Build.0 = Debug|Any CPU
		{ED68F904-CB13-456A-9906-1F211B692D45}.Release|Any CPU.ActiveCfg = Release|Any CPU
		{ED68F904-CB13-456A-9906-1F211B692D45}.Release|Any CPU.Build.0 = Release|Any CPU
	EndGlobalSection
	GlobalSection(SolutionProperties) = preSolution
		HideSolutionNode = FALSE
	EndGlobalSection
	GlobalSection(ExtensibilityGlobals) = postSolution
		SolutionGuid = {43123E5B-A56E-428E-9DAE-D2B6718EC120}
	EndGlobalSection
EndGlobal
